
Microsoft Visual Studio Solution File, Format Version 12.00
# Visual Studio 15
VisualStudioVersion = 15.0.27703.2035
MinimumVisualStudioVersion = 10.0.40219.1
Project("{9A19103F-16F7-4668-BE54-9A1E7A4F7556}") = "STP.MS.WorkSample.Core", "STP.MS.WorkSample.Core\STP.MS.WorkSample.Core.csproj", "{43951C7E-1172-4B0D-8367-6C201E68EE60}"
EndProject
Project("{9A19103F-16F7-4668-BE54-9A1E7A4F7556}") = "STP.MS.WorkSample.Data", "STP.MS.WorkSample.Data\STP.MS.WorkSample.Data.csproj", "{75E2E346-47EA-4B5F-B5D2-D7CB510EAE84}"
EndProject
Project("{9A19103F-16F7-4668-BE54-9A1E7A4F7556}") = "STP.MS.WorkSample.Services", "STP.MS.WorkSample.Services\STP.MS.WorkSample.Services.csproj", "{44B01E34-A183-4F95-BAB8-B6B0965E7386}"
EndProject
Project("{9A19103F-16F7-4668-BE54-9A1E7A4F7556}") = "STP.MS.WorkSample.Presentation", "STP.MS.WorkSample.Presentation\STP.MS.WorkSample.Presentation.csproj", "{A096F77F-0D39-4D6D-A538-1790AE4B6197}"
EndProject
Project("{FAE04EC0-301F-11D3-BF4B-00C04F79EFBC}") = "STP.MS.WorkSample.Test", "STP.MS.WorkSample.Test\STP.MS.WorkSample.Test.csproj", "{12811333-2FC8-4767-A82A-3925F148DDAD}"
EndProject
Global
	GlobalSection(SolutionConfigurationPlatforms) = preSolution
		Debug|Any CPU = Debug|Any CPU
		Release|Any CPU = Release|Any CPU
	EndGlobalSection
	GlobalSection(ProjectConfigurationPlatforms) = postSolution
		{43951C7E-1172-4B0D-8367-6C201E68EE60}.Debug|Any CPU.ActiveCfg = Debug|Any CPU
		{43951C7E-1172-4B0D-8367-6C201E68EE60}.Debug|Any CPU.Build.0 = Debug|Any CPU
		{43951C7E-1172-4B0D-8367-6C201E68EE60}.Release|Any CPU.ActiveCfg = Release|Any CPU
		{43951C7E-1172-4B0D-8367-6C201E68EE60}.Release|Any CPU.Build.0 = Release|Any CPU
		{75E2E346-47EA-4B5F-B5D2-D7CB510EAE84}.Debug|Any CPU.ActiveCfg = Debug|Any CPU
		{75E2E346-47EA-4B5F-B5D2-D7CB510EAE84}.Debug|Any CPU.Build.0 = Debug|Any CPU
		{75E2E346-47EA-4B5F-B5D2-D7CB510EAE84}.Release|Any CPU.ActiveCfg = Release|Any CPU
		{75E2E346-47EA-4B5F-B5D2-D7CB510EAE84}.Release|Any CPU.Build.0 = Release|Any CPU
		{44B01E34-A183-4F95-BAB8-B6B0965E7386}.Debug|Any CPU.ActiveCfg = Debug|Any CPU
		{44B01E34-A183-4F95-BAB8-B6B0965E7386}.Debug|Any CPU.Build.0 = Debug|Any CPU
		{44B01E34-A183-4F95-BAB8-B6B0965E7386}.Release|Any CPU.ActiveCfg = Release|Any CPU
		{44B01E34-A183-4F95-BAB8-B6B0965E7386}.Release|Any CPU.Build.0 = Release|Any CPU
		{A096F77F-0D39-4D6D-A538-1790AE4B6197}.Debug|Any CPU.ActiveCfg = Debug|Any CPU
		{A096F77F-0D39-4D6D-A538-1790AE4B6197}.Debug|Any CPU.Build.0 = Debug|Any CPU
		{A096F77F-0D39-4D6D-A538-1790AE4B6197}.Release|Any CPU.ActiveCfg = Release|Any CPU
		{A096F77F-0D39-4D6D-A538-1790AE4B6197}.Release|Any CPU.Build.0 = Release|Any CPU
		{12811333-2FC8-4767-A82A-3925F148DDAD}.Debug|Any CPU.ActiveCfg = Debug|Any CPU
		{12811333-2FC8-4767-A82A-3925F148DDAD}.Debug|Any CPU.Build.0 = Debug|Any CPU
		{12811333-2FC8-4767-A82A-3925F148DDAD}.Release|Any CPU.ActiveCfg = Release|Any CPU
		{12811333-2FC8-4767-A82A-3925F148DDAD}.Release|Any CPU.Build.0 = Release|Any CPU
	EndGlobalSection
	GlobalSection(SolutionProperties) = preSolution
		HideSolutionNode = FALSE
	EndGlobalSection
	GlobalSection(ExtensibilityGlobals) = postSolution
		SolutionGuid = {6D9BEB00-F5BD-442B-99EA-3F6E7A67B4E4}
	EndGlobalSection
EndGlobal
